# This file is automatically @generated by Cargo.
# It is not intended for manual editing.
version = 4

[[package]]
name = "ziyy"
version = "2.0.0-beta.2"
dependencies = [
 "ziyy-core",
 "ziyy-proc",
]

[[package]]
name = "ziyy-core"
version = "0.1.0"

[[package]]
name = "ziyy-proc"
version = "0.1.0"
dependencies = [
 "ziyy-core",
]
